
Microsoft Visual Studio Solution File, Format Version 12.00
Project("{2150E333-8FDC-42A3-9474-1A3956D46DE8}") = "src", "src", "{DD0858A8-5A56-492B-94E6-3EFACBB616BA}"
EndProject
Project("{FAE04EC0-301F-11D3-BF4B-00C04F79EFBC}") = "Portfolio.Client", "src\Portfolio.Client\Portfolio.Client.csproj", "{2794A936-C882-4572-95C1-291647C2638A}"
EndProject
Project("{FAE04EC0-301F-11D3-BF4B-00C04F79EFBC}") = "Portfolio.Backend", "src\Portfolio.Backend\Portfolio.Backend.csproj", "{548FE1B6-C14F-4A60-A7F3-BC88E2E2878C}"
EndProject
Global
	GlobalSection(SolutionConfigurationPlatforms) = preSolution
		Debug|Any CPU = Debug|Any CPU
		Release|Any CPU = Release|Any CPU
	EndGlobalSection
	GlobalSection(NestedProjects) = preSolution
		{2794A936-C882-4572-95C1-291647C2638A} = {DD0858A8-5A56-492B-94E6-3EFACBB616BA}
		{548FE1B6-C14F-4A60-A7F3-BC88E2E2878C} = {DD0858A8-5A56-492B-94E6-3EFACBB616BA}
	EndGlobalSection
	GlobalSection(ProjectConfigurationPlatforms) = postSolution
		{2794A936-C882-4572-95C1-291647C2638A}.Debug|Any CPU.ActiveCfg = Debug|Any CPU
		{2794A936-C882-4572-95C1-291647C2638A}.Debug|Any CPU.Build.0 = Debug|Any CPU
		{2794A936-C882-4572-95C1-291647C2638A}.Release|Any CPU.ActiveCfg = Release|Any CPU
		{2794A936-C882-4572-95C1-291647C2638A}.Release|Any CPU.Build.0 = Release|Any CPU
		{548FE1B6-C14F-4A60-A7F3-BC88E2E2878C}.Debug|Any CPU.ActiveCfg = Debug|Any CPU
		{548FE1B6-C14F-4A60-A7F3-BC88E2E2878C}.Debug|Any CPU.Build.0 = Debug|Any CPU
		{548FE1B6-C14F-4A60-A7F3-BC88E2E2878C}.Release|Any CPU.ActiveCfg = Release|Any CPU
		{548FE1B6-C14F-4A60-A7F3-BC88E2E2878C}.Release|Any CPU.Build.0 = Release|Any CPU
	EndGlobalSection
EndGlobal
